
Microsoft Visual Studio Solution File, Format Version 12.00
# Visual Studio Version 17
VisualStudioVersion = 17.8.34511.84
MinimumVisualStudioVersion = 10.0.40219.1
Project("{FAE04EC0-301F-11D3-BF4B-00C04F79EFBC}") = "TestTaskWPF", "TestTaskWPF.csproj", "{36212E94-C6D1-49E6-AF2D-8A830E50176B}"
EndProject
Global
	GlobalSection(SolutionConfigurationPlatforms) = preSolution
		Debug|Any CPU = Debug|Any CPU
		Release|Any CPU = Release|Any CPU
	EndGlobalSection
	GlobalSection(ProjectConfigurationPlatforms) = postSolution
		{36212E94-C6D1-49E6-AF2D-8A830E50176B}.Debug|Any CPU.ActiveCfg = Debug|Any CPU
		{36212E94-C6D1-49E6-AF2D-8A830E50176B}.Debug|Any CPU.Build.0 = Debug|Any CPU
		{36212E94-C6D1-49E6-AF2D-8A830E50176B}.Release|Any CPU.ActiveCfg = Release|Any CPU
		{36212E94-C6D1-49E6-AF2D-8A830E50176B}.Release|Any CPU.Build.0 = Release|Any CPU
	EndGlobalSection
	GlobalSection(SolutionProperties) = preSolution
		HideSolutionNode = FALSE
	EndGlobalSection
	GlobalSection(ExtensibilityGlobals) = postSolution
		SolutionGuid = {7A4D3862-4BC3-47DC-894F-9D468213F542}
	EndGlobalSection
EndGlobal
